<?xml version="1.0" encoding="utf-8"?>
<Project ToolsVersion="4.0" xmlns="http://schemas.microsoft.com/developer/msbuild/2003">
  <ItemGroup>
    <Filter Include="Arquivos de Origem">
      <UniqueIdentifier>{4FC737F1-C7A5-4376-A066-2A32D752A2FF}</UniqueIdentifier>
      <Extensions>cpp;c;cc;cxx;c++;cppm;ixx;def;odl;idl;hpj;bat;asm;asmx</Extensions>
    </Filter>
    <Filter Include="Arquivos de Cabeçalho">
      <UniqueIdentifier>{93995380-89BD-4b04-88EB-625FBE52EBFB}</UniqueIdentifier>
      <Extensions>h;hh;hpp;hxx;h++;hm;inl;inc;ipp;xsd</Extensions>
    </Filter>
    <Filter Include="Arquivos de Recurso">
      <UniqueIdentifier>{67DA6AB6-F800-4c08-8B7A-83BB121AAD01}</UniqueIdentifier>
      <Extensions>rc;ico;cur;bmp;dlg;rc2;rct;bin;rgs;gif;jpg;jpeg;jpe;resx;tiff;tif;png;wav;mfcribbon-ms</Extensions>
    </Filter>
    <Filter Include="src">
      <UniqueIdentifier>{4012c08e-1f7e-4a3e-ac33-41c540ad7868}</UniqueIdentifier>
    </Filter>
    <Filter Include="media">
      <UniqueIdentifier>{26f1eeff-0336-4ef7-8fd4-feb6dd10f434}</UniqueIdentifier>
    </Filter>
    <Filter Include="logicgame">
      <UniqueIdentifier>{67d25cc4-941f-4aef-af28-31aa821a7726}</UniqueIdentifier>
    </Filter>
  </ItemGroup>
  <ItemGroup>
    <ClCompile Include="main.cpp">
      <Filter>src</Filter>
    </ClCompile>
    <ClCompile Include="game.cpp">
      <Filter>logicgame</Filter>
    </ClCompile>
    <ClCompile Include="player.cpp">
      <Filter>logicgame</Filter>
    </ClCompile>
    <ClCompile Include="a.cpp">
      <Filter>logicgame</Filter>
    </ClCompile>
  </ItemGroup>
  <ItemGroup>
    <Image Include="..\..\Coding\GuiProgram\QtTeste\QtTeste\gui.ico">
      <Filter>media</Filter>
    </Image>
    <Image Include="gui.ico">
      <Filter>Arquivos de Recurso</Filter>
    </Image>
  </ItemGroup>
  <ItemGroup>
    <ClInclude Include="player.h">
      <Filter>logicgame</Filter>
    </ClInclude>
    <ClInclude Include="game.h">
      <Filter>logicgame</Filter>
    </ClInclude>
    <ClInclude Include="libsgame.h">
      <Filter>Arquivos de Cabeçalho</Filter>
    </ClInclude>
    <ClInclude Include="a.h">
      <Filter>logicgame</Filter>
    </ClInclude>
    <ClInclude Include="resource.h">
      <Filter>Arquivos de Cabeçalho</Filter>
    </ClInclude>
  </ItemGroup>
  <ItemGroup>
    <ResourceCompile Include="SDLTestVisualStudio.rc">
      <Filter>Arquivos de Recurso</Filter>
    </ResourceCompile>
  </ItemGroup>
</Project>